
Microsoft Visual Studio Solution File, Format Version 12.00
# Visual Studio Version 17
VisualStudioVersion = 17.14.37614.0 d17.14
MinimumVisualStudioVersion = 10.0.40219.1
Project("{FAE04EC0-301F-11D3-BF4B-00C04F79EFBC}") = "SoonestShipmentTrackingWebsite", "SoonestShipmentTrackingWebsite\SoonestShipmentTrackingWebsite.csproj", "{F2063DCA-F5DC-4928-9855-0BF0294F1268}"
EndProject
Global
	GlobalSection(SolutionConfigurationPlatforms) = preSolution
		Debug|Any CPU = Debug|Any CPU
		Release|Any CPU = Release|Any CPU
	EndGlobalSection
	GlobalSection(ProjectConfigurationPlatforms) = postSolution
		{F2063DCA-F5DC-4928-9855-0BF0294F1268}.Debug|Any CPU.ActiveCfg = Debug|Any CPU
		{F2063DCA-F5DC-4928-9855-0BF0294F1268}.Debug|Any CPU.Build.0 = Debug|Any CPU
		{F2063DCA-F5DC-4928-9855-0BF0294F1268}.Release|Any CPU.ActiveCfg = Release|Any CPU
		{F2063DCA-F5DC-4928-9855-0BF0294F1268}.Release|Any CPU.Build.0 = Release|Any CPU
	EndGlobalSection
	GlobalSection(SolutionProperties) = preSolution
		HideSolutionNode = FALSE
	EndGlobalSection
	GlobalSection(ExtensibilityGlobals) = postSolution
		SolutionGuid = {8D672A29-8CAB-46C4-A018-1257CA7A1B35}
	EndGlobalSection
EndGlobal
